// !$*UTF8*$!
{
	archiveVersion = 1;
	classes = {
	};
	objectVersion = 56;
	objects = {

/* Begin PBXBuildFile section */
		005ED7FF29C889EA00D71180 /* AppDelegate.swift in Sources */ = {isa = PBXBuildFile; fileRef = 005ED7FE29C889EA00D71180 /* AppDelegate.swift */; };
		005ED80129C889EA00D71180 /* SceneDelegate.swift in Sources */ = {isa = PBXBuildFile; fileRef = 005ED80029C889EA00D71180 /* SceneDelegate.swift */; };
		005ED80329C889EA00D71180 /* ViewController.swift in Sources */ = {isa = PBXBuildFile; fileRef = 005ED80229C889EA00D71180 /* ViewController.swift */; };
		005ED80629C889EA00D71180 /* Main.storyboard in Resources */ = {isa = PBXBuildFile; fileRef = 005ED80429C889EA00D71180 /* Main.storyboard */; };
		005ED80829C889EC00D71180 /* Assets.xcassets in Resources */ = {isa = PBXBuildFile; fileRef = 005ED80729C889EC00D71180 /* Assets.xcassets */; };
		005ED80B29C889EC00D71180 /* LaunchScreen.storyboard in Resources */ = {isa = PBXBuildFile; fileRef = 005ED80929C889EC00D71180 /* LaunchScreen.storyboard */; };
		005ED81629C889EC00D71180 /* SnabbSpelTests.swift in Sources */ = {isa = PBXBuildFile; fileRef = 005ED81529C889EC00D71180 /* SnabbSpelTests.swift */; };
		005ED82029C889EC00D71180 /* SnabbSpelUITests.swift in Sources */ = {isa = PBXBuildFile; fileRef = 005ED81F29C889EC00D71180 /* SnabbSpelUITests.swift */; };
		005ED82229C889EC00D71180 /* SnabbSpelUITestsLaunchTests.swift in Sources */ = {isa = PBXBuildFile; fileRef = 005ED82129C889EC00D71180 /* SnabbSpelUITestsLaunchTests.swift */; };
/* End PBXBuildFile section */

/* Begin PBXContainerItemProxy section */
		005ED81229C889EC00D71180 /* PBXContainerItemProxy */ = {
			isa = PBXContainerItemProxy;
			containerPortal = 005ED7F329C889EA00D71180 /* Project object */;
			proxyType = 1;
			remoteGlobalIDString = 005ED7FA29C889EA00D71180;
			remoteInfo = SnabbSpel;
		};
		005ED81C29C889EC00D71180 /* PBXContainerItemProxy */ = {
			isa = PBXContainerItemProxy;
			containerPortal = 005ED7F329C889EA00D71180 /* Project object */;
			proxyType = 1;
			remoteGlobalIDString = 005ED7FA29C889EA00D71180;
			remoteInfo = SnabbSpel;
		};
/* End PBXContainerItemProxy section */

/* Begin PBXFileReference section */
		005ED7FB29C889EA00D71180 /* SnabbSpel.app */ = {isa = PBXFileReference; explicitFileType = wrapper.application; includeInIndex = 0; path = SnabbSpel.app; sourceTree = BUILT_PRODUCTS_DIR; };
		005ED7FE29C889EA00D71180 /* AppDelegate.swift */ = {isa = PBXFileReference; lastKnownFileType = sourcecode.swift; path = AppDelegate.swift; sourceTree = "<group>"; };
		005ED80029C889EA00D71180 /* SceneDelegate.swift */ = {isa = PBXFileReference; lastKnownFileType = sourcecode.swift; path = SceneDelegate.swift; sourceTree = "<group>"; };
		005ED80229C889EA00D71180 /* ViewController.swift */ = {isa = PBXFileReference; lastKnownFileType = sourcecode.swift; path = ViewController.swift; sourceTree = "<group>"; };
		005ED80529C889EA00D71180 /* Base */ = {isa = PBXFileReference; lastKnownFileType = file.storyboard; name = Base; path = Base.lproj/Main.storyboard; sourceTree = "<group>"; };
		005ED80729C889EC00D71180 /* Assets.xcassets */ = {isa = PBXFileReference; lastKnownFileType = folder.assetcatalog; path = Assets.xcassets; sourceTree = "<group>"; };
		005ED80A29C889EC00D71180 /* Base */ = {isa = PBXFileReference; lastKnownFileType = file.storyboard; name = Base; path = Base.lproj/LaunchScreen.storyboard; sourceTree = "<group>"; };
		005ED80C29C889EC00D71180 /* Info.plist */ = {isa = PBXFileReference; lastKnownFileType = text.plist.xml; path = Info.plist; sourceTree = "<group>"; };
		005ED81129C889EC00D71180 /* SnabbSpelTests.xctest */ = {isa = PBXFileReference; explicitFileType = wrapper.cfbundle; includeInIndex = 0; path = SnabbSpelTests.xctest; sourceTree = BUILT_PRODUCTS_DIR; };
		005ED81529C889EC00D71180 /* SnabbSpelTests.swift */ = {isa = PBXFileReference; lastKnownFileType = sourcecode.swift; path = SnabbSpelTests.swift; sourceTree = "<group>"; };
		005ED81B29C889EC00D71180 /* SnabbSpelUITests.xctest */ = {isa = PBXFileReference; explicitFileType = wrapper.cfbundle; includeInIndex = 0; path = SnabbSpelUITests.xctest; sourceTree = BUILT_PRODUCTS_DIR; };
		005ED81F29C889EC00D71180 /* SnabbSpelUITests.swift */ = {isa = PBXFileReference; lastKnownFileType = sourcecode.swift; path = SnabbSpelUITests.swift; sourceTree = "<group>"; };
		005ED82129C889EC00D71180 /* SnabbSpelUITestsLaunchTests.swift */ = {isa = PBXFileReference; lastKnownFileType = sourcecode.swift; path = SnabbSpelUITestsLaunchTests.swift; sourceTree = "<group>"; };
/* End PBXFileReference section */

/* Begin PBXFrameworksBuildPhase section */
		005ED7F829C889EA00D71180 /* Frameworks */ = {
			isa = PBXFrameworksBuildPhase;
			buildActionMask = 2147483647;
			files = (
			);
			runOnlyForDeploymentPostprocessing = 0;
		};
		005ED80E29C889EC00D71180 /* Frameworks */ = {
			isa = PBXFrameworksBuildPhase;
			buildActionMask = 2147483647;
			files = (
			);
			runOnlyForDeploymentPostprocessing = 0;
		};
		005ED81829C889EC00D71180 /* Frameworks */ = {
			isa = PBXFrameworksBuildPhase;
			buildActionMask = 2147483647;
			files = (
			);
			runOnlyForDeploymentPostprocessing = 0;
		};
/* End PBXFrameworksBuildPhase section */

/* Begin PBXGroup section */
		005ED7F229C889EA00D71180 = {
			isa = PBXGroup;
			children = (
				005ED7FD29C889EA00D71180 /* SnabbSpel */,
				005ED81429C889EC00D71180 /* SnabbSpelTests */,
				005ED81E29C889EC00D71180 /* SnabbSpelUITests */,
				005ED7FC29C889EA00D71180 /* Products */,
			);
			sourceTree = "<group>";
		};
		005ED7FC29C889EA00D71180 /* Products */ = {
			isa = PBXGroup;
			children = (
				005ED7FB29C889EA00D71180 /* SnabbSpel.app */,
				005ED81129C889EC00D71180 /* SnabbSpelTests.xctest */,
				005ED81B29C889EC00D71180 /* SnabbSpelUITests.xctest */,
			);
			name = Products;
			sourceTree = "<group>";
		};
		005ED7FD29C889EA00D71180 /* SnabbSpel */ = {
			isa = PBXGroup;
			children = (
				005ED7FE29C889EA00D71180 /* AppDelegate.swift */,
				005ED80029C889EA00D71180 /* SceneDelegate.swift */,
				005ED80229C889EA00D71180 /* ViewController.swift */,
				005ED80429C889EA00D71180 /* Main.storyboard */,
				005ED80729C889EC00D71180 /* Assets.xcassets */,
				005ED80929C889EC00D71180 /* LaunchScreen.storyboard */,
				005ED80C29C889EC00D71180 /* Info.plist */,
			);
			path = SnabbSpel;
			sourceTree = "<group>";
		};
		005ED81429C889EC00D71180 /* SnabbSpelTests */ = {
			isa = PBXGroup;
			children = (
				005ED81529C889EC00D71180 /* SnabbSpelTests.swift */,
			);
			path = SnabbSpelTests;
			sourceTree = "<group>";
		};
		005ED81E29C889EC00D71180 /* SnabbSpelUITests */ = {
			isa = PBXGroup;
			children = (
				005ED81F29C889EC00D71180 /* SnabbSpelUITests.swift */,
				005ED82129C889EC00D71180 /* SnabbSpelUITestsLaunchTests.swift */,
			);
			path = SnabbSpelUITests;
			sourceTree = "<group>";
		};
/* End PBXGroup section */

/* Begin PBXNativeTarget section */
		005ED7FA29C889EA00D71180 /* SnabbSpel */ = {
			isa = PBXNativeTarget;
			buildConfigurationList = 005ED82529C889EC00D71180 /* Build configuration list for PBXNativeTarget "SnabbSpel" */;
			buildPhases = (
				005ED7F729C889EA00D71180 /* Sources */,
				005ED7F829C889EA00D71180 /* Frameworks */,
				005ED7F929C889EA00D71180 /* Resources */,
			);
			buildRules = (
			);
			dependencies = (
			);
			name = SnabbSpel;
			productName = SnabbSpel;
			productReference = 005ED7FB29C889EA00D71180 /* SnabbSpel.app */;
			productType = "com.apple.product-type.application";
		};
		005ED81029C889EC00D71180 /* SnabbSpelTests */ = {
			isa = PBXNativeTarget;
			buildConfigurationList = 005ED82829C889EC00D71180 /* Build configuration list for PBXNativeTarget "SnabbSpelTests" */;
			buildPhases = (
				005ED80D29C889EC00D71180 /* Sources */,
				005ED80E29C889EC00D71180 /* Frameworks */,
				005ED80F29C889EC00D71180 /* Resources */,
			);
			buildRules = (
			);
			dependencies = (
				005ED81329C889EC00D71180 /* PBXTargetDependency */,
			);
			name = SnabbSpelTests;
			productName = SnabbSpelTests;
			productReference = 005ED81129C889EC00D71180 /* SnabbSpelTests.xctest */;
			productType = "com.apple.product-type.bundle.unit-test";
		};
		005ED81A29C889EC00D71180 /* SnabbSpelUITests */ = {
			isa = PBXNativeTarget;
			buildConfigurationList = 005ED82B29C889EC00D71180 /* Build configuration list for PBXNativeTarget "SnabbSpelUITests" */;
			buildPhases = (
				005ED81729C889EC00D71180 /* Sources */,
				005ED81829C889EC00D71180 /* Frameworks */,
				005ED81929C889EC00D71180 /* Resources */,
			);
			buildRules = (
			);
			dependencies = (
				005ED81D29C889EC00D71180 /* PBXTargetDependency */,
			);
			name = SnabbSpelUITests;
			productName = SnabbSpelUITests;
			productReference = 005ED81B29C889EC00D71180 /* SnabbSpelUITests.xctest */;
			productType = "com.apple.product-type.bundle.ui-testing";
		};
/* End PBXNativeTarget section */

/* Begin PBXProject section */
		005ED7F329C889EA00D71180 /* Project object */ = {
			isa = PBXProject;
			attributes = {
				BuildIndependentTargetsInParallel = 1;
				LastSwiftUpdateCheck = 1420;
				LastUpgradeCheck = 1420;
				TargetAttributes = {
					005ED7FA29C889EA00D71180 = {
						CreatedOnToolsVersion = 14.2;
					};
					005ED81029C889EC00D71180 = {
						CreatedOnToolsVersion = 14.2;
						TestTargetID = 005ED7FA29C889EA00D71180;
					};
					005ED81A29C889EC00D71180 = {
						CreatedOnToolsVersion = 14.2;
						TestTargetID = 005ED7FA29C889EA00D71180;
					};
				};
			};
			buildConfigurationList = 005ED7F629C889EA00D71180 /* Build configuration list for PBXProject "SnabbSpel" */;
			compatibilityVersion = "Xcode 14.0";
			developmentRegion = en;
			hasScannedForEncodings = 0;
			knownRegions = (
				en,
				Base,
			);
			mainGroup = 005ED7F229C889EA00D71180;
			productRefGroup = 005ED7FC29C889EA00D71180 /* Products */;
			projectDirPath = "";
			projectRoot = "";
			targets = (
				005ED7FA29C889EA00D71180 /* SnabbSpel */,
				005ED81029C889EC00D71180 /* SnabbSpelTests */,
				005ED81A29C889EC00D71180 /* SnabbSpelUITests */,
			);
		};
/* End PBXProject section */

/* Begin PBXResourcesBuildPhase section */
		005ED7F929C889EA00D71180 /* Resources */ = {
			isa = PBXResourcesBuildPhase;
			buildActionMask = 2147483647;
			files = (
				005ED80B29C889EC00D71180 /* LaunchScreen.storyboard in Resources */,
				005ED80829C889EC00D71180 /* Assets.xcassets in Resources */,
				005ED80629C889EA00D71180 /* Main.storyboard in Resources */,
			);
			runOnlyForDeploymentPostprocessing = 0;
		};
		005ED80F29C889EC00D71180 /* Resources */ = {
			isa = PBXResourcesBuildPhase;
			buildActionMask = 2147483647;
			files = (
			);
			runOnlyForDeploymentPostprocessing = 0;
		};
		005ED81929C889EC00D71180 /* Resources */ = {
			isa = PBXResourcesBuildPhase;
			buildActionMask = 2147483647;
			files = (
			);
			runOnlyForDeploymentPostprocessing = 0;
		};
/* End PBXResourcesBuildPhase section */

/* Begin PBXSourcesBuildPhase section */
		005ED7F729C889EA00D71180 /* Sources */ = {
			isa = PBXSourcesBuildPhase;
			buildActionMask = 2147483647;
			files = (
				005ED80329C889EA00D71180 /* ViewController.swift in Sources */,
				005ED7FF29C889EA00D71180 /* AppDelegate.swift in Sources */,
				005ED80129C889EA00D71180 /* SceneDelegate.swift in Sources */,
			);
			runOnlyForDeploymentPostprocessing = 0;
		};
		005ED80D29C889EC00D71180 /* Sources */ = {
			isa = PBXSourcesBuildPhase;
			buildActionMask = 2147483647;
			files = (
				005ED81629C889EC00D71180 /* SnabbSpelTests.swift in Sources */,
			);
			runOnlyForDeploymentPostprocessing = 0;
		};
		005ED81729C889EC00D71180 /* Sources */ = {
			isa = PBXSourcesBuildPhase;
			buildActionMask = 2147483647;
			files = (
				005ED82029C889EC00D71180 /* SnabbSpelUITests.swift in Sources */,
				005ED82229C889EC00D71180 /* SnabbSpelUITestsLaunchTests.swift in Sources */,
			);
			runOnlyForDeploymentPostprocessing = 0;
		};
/* End PBXSourcesBuildPhase section */

/* Begin PBXTargetDependency section */
		005ED81329C889EC00D71180 /* PBXTargetDependency */ = {
			isa = PBXTargetDependency;
			target = 005ED7FA29C889EA00D71180 /* SnabbSpel */;
			targetProxy = 005ED81229C889EC00D71180 /* PBXContainerItemProxy */;
		};
		005ED81D29C889EC00D71180 /* PBXTargetDependency */ = {
			isa = PBXTargetDependency;
			target = 005ED7FA29C889EA00D71180 /* SnabbSpel */;
			targetProxy = 005ED81C29C889EC00D71180 /* PBXContainerItemProxy */;
		};
/* End PBXTargetDependency section */

/* Begin PBXVariantGroup section */
		005ED80429C889EA00D71180 /* Main.storyboard */ = {
			isa = PBXVariantGroup;
			children = (
				005ED80529C889EA00D71180 /* Base */,
			);
			name = Main.storyboard;
			sourceTree = "<group>";
		};
		005ED80929C889EC00D71180 /* LaunchScreen.storyboard */ = {
			isa = PBXVariantGroup;
			children = (
				005ED80A29C889EC00D71180 /* Base */,
			);
			name = LaunchScreen.storyboard;
			sourceTree = "<group>";
		};
/* End PBXVariantGroup section */

/* Begin XCBuildConfiguration section */
		005ED82329C889EC00D71180 /* Debug */ = {
			isa = XCBuildConfiguration;
			buildSettings = {
				ALWAYS_SEARCH_USER_PATHS = NO;
				CLANG_ANALYZER_NONNULL = YES;
				CLANG_ANALYZER_NUMBER_OBJECT_CONVERSION = YES_AGGRESSIVE;
				CLANG_CXX_LANGUAGE_STANDARD = "gnu++20";
				CLANG_ENABLE_MODULES = YES;
				CLANG_ENABLE_OBJC_ARC = YES;
				CLANG_ENABLE_OBJC_WEAK = YES;
				CLANG_WARN_BLOCK_CAPTURE_AUTORELEASING = YES;
				CLANG_WARN_BOOL_CONVERSION = YES;
				CLANG_WARN_COMMA = YES;
				CLANG_WARN_CONSTANT_CONVERSION = YES;
				CLANG_WARN_DEPRECATED_OBJC_IMPLEMENTATIONS = YES;
				CLANG_WARN_DIRECT_OBJC_ISA_USAGE = YES_ERROR;
				CLANG_WARN_DOCUMENTATION_COMMENTS = YES;
				CLANG_WARN_EMPTY_BODY = YES;
				CLANG_WARN_ENUM_CONVERSION = YES;
				CLANG_WARN_INFINITE_RECURSION = YES;
				CLANG_WARN_INT_CONVERSION = YES;
				CLANG_WARN_NON_LITERAL_NULL_CONVERSION = YES;
				CLANG_WARN_OBJC_IMPLICIT_RETAIN_SELF = YES;
				CLANG_WARN_OBJC_LITERAL_CONVERSION = YES;
				CLANG_WARN_OBJC_ROOT_CLASS = YES_ERROR;
				CLANG_WARN_QUOTED_INCLUDE_IN_FRAMEWORK_HEADER = YES;
				CLANG_WARN_RANGE_LOOP_ANALYSIS = YES;
				CLANG_WARN_STRICT_PROTOTYPES = YES;
				CLANG_WARN_SUSPICIOUS_MOVE = YES;
				CLANG_WARN_UNGUARDED_AVAILABILITY = YES_AGGRESSIVE;
				CLANG_WARN_UNREACHABLE_CODE = YES;
				CLANG_WARN__DUPLICATE_METHOD_MATCH = YES;
				COPY_PHASE_STRIP = NO;
				DEBUG_INFORMATION_FORMAT = dwarf;
				ENABLE_STRICT_OBJC_MSGSEND = YES;
				ENABLE_TESTABILITY = YES;
				GCC_C_LANGUAGE_STANDARD = gnu11;
				GCC_DYNAMIC_NO_PIC = NO;
				GCC_NO_COMMON_BLOCKS = YES;
				GCC_OPTIMIZATION_LEVEL = 0;
				GCC_PREPROCESSOR_DEFINITIONS = (
					"DEBUG=1",
					"$(inherited)",
				);
				GCC_WARN_64_TO_32_BIT_CONVERSION = YES;
				GCC_WARN_ABOUT_RETURN_TYPE = YES_ERROR;
				GCC_WARN_UNDECLARED_SELECTOR = YES;
				GCC_WARN_UNINITIALIZED_AUTOS = YES_AGGRESSIVE;
				GCC_WARN_UNUSED_FUNCTION = YES;
				GCC_WARN_UNUSED_VARIABLE = YES;
				IPHONEOS_DEPLOYMENT_TARGET = 16.2;
				MTL_ENABLE_DEBUG_INFO = INCLUDE_SOURCE;
				MTL_FAST_MATH = YES;
				ONLY_ACTIVE_ARCH = YES;
				SDKROOT = iphoneos;
				SWIFT_ACTIVE_COMPILATION_CONDITIONS = DEBUG;
				SWIFT_OPTIMIZATION_LEVEL = "-Onone";
			};
			name = Debug;
		};
		005ED82429C889EC00D71180 /* Release */ = {
			isa = XCBuildConfiguration;
			buildSettings = {
				ALWAYS_SEARCH_USER_PATHS = NO;
				CLANG_ANALYZER_NONNULL = YES;
				CLANG_ANALYZER_NUMBER_OBJECT_CONVERSION = YES_AGGRESSIVE;
				CLANG_CXX_LANGUAGE_STANDARD = "gnu++20";
				CLANG_ENABLE_MODULES = YES;
				CLANG_ENABLE_OBJC_ARC = YES;
				CLANG_ENABLE_OBJC_WEAK = YES;
				CLANG_WARN_BLOCK_CAPTURE_AUTORELEASING = YES;
				CLANG_WARN_BOOL_CONVERSION = YES;
				CLANG_WARN_COMMA = YES;
				CLANG_WARN_CONSTANT_CONVERSION = YES;
				CLANG_WARN_DEPRECATED_OBJC_IMPLEMENTATIONS = YES;
				CLANG_WARN_DIRECT_OBJC_ISA_USAGE = YES_ERROR;
				CLANG_WARN_DOCUMENTATION_COMMENTS = YES;
				CLANG_WARN_EMPTY_BODY = YES;
				CLANG_WARN_ENUM_CONVERSION = YES;
				CLANG_WARN_INFINITE_RECURSION = YES;
				CLANG_WARN_INT_CONVERSION = YES;
				CLANG_WARN_NON_LITERAL_NULL_CONVERSION = YES;
				CLANG_WARN_OBJC_IMPLICIT_RETAIN_SELF = YES;
				CLANG_WARN_OBJC_LITERAL_CONVERSION = YES;
				CLANG_WARN_OBJC_ROOT_CLASS = YES_ERROR;
				CLANG_WARN_QUOTED_INCLUDE_IN_FRAMEWORK_HEADER = YES;
				CLANG_WARN_RANGE_LOOP_ANALYSIS = YES;
				CLANG_WARN_STRICT_PROTOTYPES = YES;
				CLANG_WARN_SUSPICIOUS_MOVE = YES;
				CLANG_WARN_UNGUARDED_AVAILABILITY = YES_AGGRESSIVE;
				CLANG_WARN_UNREACHABLE_CODE = YES;
				CLANG_WARN__DUPLICATE_METHOD_MATCH = YES;
				COPY_PHASE_STRIP = NO;
				DEBUG_INFORMATION_FORMAT = "dwarf-with-dsym";
				ENABLE_NS_ASSERTIONS = NO;
				ENABLE_STRICT_OBJC_MSGSEND = YES;
				GCC_C_LANGUAGE_STANDARD = gnu11;
				GCC_NO_COMMON_BLOCKS = YES;
				GCC_WARN_64_TO_32_BIT_CONVERSION = YES;
				GCC_WARN_ABOUT_RETURN_TYPE = YES_ERROR;
				GCC_WARN_UNDECLARED_SELECTOR = YES;
				GCC_WARN_UNINITIALIZED_AUTOS = YES_AGGRESSIVE;
				GCC_WARN_UNUSED_FUNCTION = YES;
				GCC_WARN_UNUSED_VARIABLE = YES;
				IPHONEOS_DEPLOYMENT_TARGET = 16.2;
				MTL_ENABLE_DEBUG_INFO = NO;
				MTL_FAST_MATH = YES;
				SDKROOT = iphoneos;
				SWIFT_COMPILATION_MODE = wholemodule;
				SWIFT_OPTIMIZATION_LEVEL = "-O";
				VALIDATE_PRODUCT = YES;
			};
			name = Release;
		};
		005ED82629C889EC00D71180 /* Debug */ = {
			isa = XCBuildConfiguration;
			buildSettings = {
				ASSETCATALOG_COMPILER_APPICON_NAME = AppIcon;
				ASSETCATALOG_COMPILER_GLOBAL_ACCENT_COLOR_NAME = AccentColor;
				CODE_SIGN_STYLE = Automatic;
				CURRENT_PROJECT_VERSION = 1;
				GENERATE_INFOPLIST_FILE = YES;
				INFOPLIST_FILE = SnabbSpel/Info.plist;
				INFOPLIST_KEY_UIApplicationSupportsIndirectInputEvents = YES;
				INFOPLIST_KEY_UILaunchStoryboardName = LaunchScreen;
				INFOPLIST_KEY_UIMainStoryboardFile = Main;
				INFOPLIST_KEY_UISupportedInterfaceOrientations_iPad = "UIInterfaceOrientationPortrait UIInterfaceOrientationPortraitUpsideDown UIInterfaceOrientationLandscapeLeft UIInterfaceOrientationLandscapeRight";
				INFOPLIST_KEY_UISupportedInterfaceOrientations_iPhone = "UIInterfaceOrientationPortrait UIInterfaceOrientationLandscapeLeft UIInterfaceOrientationLandscapeRight";
				LD_RUNPATH_SEARCH_PATHS = (
					"$(inherited)",
					"@executable_path/Frameworks",
				);
				MARKETING_VERSION = 1.0;
				PRODUCT_BUNDLE_IDENTIFIER = a.SnabbSpel;
				PRODUCT_NAME = "$(TARGET_NAME)";
				SWIFT_EMIT_LOC_STRINGS = YES;
				SWIFT_VERSION = 5.0;
				TARGETED_DEVICE_FAMILY = "1,2";
			};
			name = Debug;
		};
		005ED82729C889EC00D71180 /* Release */ = {
			isa = XCBuildConfiguration;
			buildSettings = {
				ASSETCATALOG_COMPILER_APPICON_NAME = AppIcon;
				ASSETCATALOG_COMPILER_GLOBAL_ACCENT_COLOR_NAME = AccentColor;
				CODE_SIGN_STYLE = Automatic;
				CURRENT_PROJECT_VERSION = 1;
				GENERATE_INFOPLIST_FILE = YES;
				INFOPLIST_FILE = SnabbSpel/Info.plist;
				INFOPLIST_KEY_UIApplicationSupportsIndirectInputEvents = YES;
				INFOPLIST_KEY_UILaunchStoryboardName = LaunchScreen;
				INFOPLIST_KEY_UIMainStoryboardFile = Main;
				INFOPLIST_KEY_UISupportedInterfaceOrientations_iPad = "UIInterfaceOrientationPortrait UIInterfaceOrientationPortraitUpsideDown UIInterfaceOrientationLandscapeLeft UIInterfaceOrientationLandscapeRight";
				INFOPLIST_KEY_UISupportedInterfaceOrientations_iPhone = "UIInterfaceOrientationPortrait UIInterfaceOrientationLandscapeLeft UIInterfaceOrientationLandscapeRight";
				LD_RUNPATH_SEARCH_PATHS = (
					"$(inherited)",
					"@executable_path/Frameworks",
				);
				MARKETING_VERSION = 1.0;
				PRODUCT_BUNDLE_IDENTIFIER = a.SnabbSpel;
				PRODUCT_NAME = "$(TARGET_NAME)";
				SWIFT_EMIT_LOC_STRINGS = YES;
				SWIFT_VERSION = 5.0;
				TARGETED_DEVICE_FAMILY = "1,2";
			};
			name = Release;
		};
		005ED82929C889EC00D71180 /* Debug */ = {
			isa = XCBuildConfiguration;
			buildSettings = {
				ALWAYS_EMBED_SWIFT_STANDARD_LIBRARIES = YES;
				BUNDLE_LOADER = "$(TEST_HOST)";
				CODE_SIGN_STYLE = Automatic;
				CURRENT_PROJECT_VERSION = 1;
				GENERATE_INFOPLIST_FILE = YES;
				IPHONEOS_DEPLOYMENT_TARGET = 16.2;
				MARKETING_VERSION = 1.0;
				PRODUCT_BUNDLE_IDENTIFIER = a.SnabbSpelTests;
				PRODUCT_NAME = "$(TARGET_NAME)";
				SWIFT_EMIT_LOC_STRINGS = NO;
				SWIFT_VERSION = 5.0;
				TARGETED_DEVICE_FAMILY = "1,2";
				TEST_HOST = "$(BUILT_PRODUCTS_DIR)/SnabbSpel.app/$(BUNDLE_EXECUTABLE_FOLDER_PATH)/SnabbSpel";
			};
			name = Debug;
		};
		005ED82A29C889EC00D71180 /* Release */ = {
			isa = XCBuildConfiguration;
			buildSettings = {
				ALWAYS_EMBED_SWIFT_STANDARD_LIBRARIES = YES;
				BUNDLE_LOADER = "$(TEST_HOST)";
				CODE_SIGN_STYLE = Automatic;
				CURRENT_PROJECT_VERSION = 1;
				GENERATE_INFOPLIST_FILE = YES;
				IPHONEOS_DEPLOYMENT_TARGET = 16.2;
				MARKETING_VERSION = 1.0;
				PRODUCT_BUNDLE_IDENTIFIER = a.SnabbSpelTests;
				PRODUCT_NAME = "$(TARGET_NAME)";
				SWIFT_EMIT_LOC_STRINGS = NO;
				SWIFT_VERSION = 5.0;
				TARGETED_DEVICE_FAMILY = "1,2";
				TEST_HOST = "$(BUILT_PRODUCTS_DIR)/SnabbSpel.app/$(BUNDLE_EXECUTABLE_FOLDER_PATH)/SnabbSpel";
			};
			name = Release;
		};
		005ED82C29C889EC00D71180 /* Debug */ = {
			isa = XCBuildConfiguration;
			buildSettings = {
				ALWAYS_EMBED_SWIFT_STANDARD_LIBRARIES = YES;
				CODE_SIGN_STYLE = Automatic;
				CURRENT_PROJECT_VERSION = 1;
				GENERATE_INFOPLIST_FILE = YES;
				MARKETING_VERSION = 1.0;
				PRODUCT_BUNDLE_IDENTIFIER = a.SnabbSpelUITests;
				PRODUCT_NAME = "$(TARGET_NAME)";
				SWIFT_EMIT_LOC_STRINGS = NO;
				SWIFT_VERSION = 5.0;
				TARGETED_DEVICE_FAMILY = "1,2";
				TEST_TARGET_NAME = SnabbSpel;
			};
			name = Debug;
		};
		005ED82D29C889EC00D71180 /* Release */ = {
			isa = XCBuildConfiguration;
			buildSettings = {
				ALWAYS_EMBED_SWIFT_STANDARD_LIBRARIES = YES;
				CODE_SIGN_STYLE = Automatic;
				CURRENT_PROJECT_VERSION = 1;
				GENERATE_INFOPLIST_FILE = YES;
				MARKETING_VERSION = 1.0;
				PRODUCT_BUNDLE_IDENTIFIER = a.SnabbSpelUITests;
				PRODUCT_NAME = "$(TARGET_NAME)";
				SWIFT_EMIT_LOC_STRINGS = NO;
				SWIFT_VERSION = 5.0;
				TARGETED_DEVICE_FAMILY = "1,2";
				TEST_TARGET_NAME = SnabbSpel;
			};
			name = Release;
		};
/* End XCBuildConfiguration section */

/* Begin XCConfigurationList section */
		005ED7F629C889EA00D71180 /* Build configuration list for PBXProject "SnabbSpel" */ = {
			isa = XCConfigurationList;
			buildConfigurations = (
				005ED82329C889EC00D71180 /* Debug */,
				005ED82429C889EC00D71180 /* Release */,
			);
			defaultConfigurationIsVisible = 0;
			defaultConfigurationName = Release;
		};
		005ED82529C889EC00D71180 /* Build configuration list for PBXNativeTarget "SnabbSpel" */ = {
			isa = XCConfigurationList;
			buildConfigurations = (
				005ED82629C889EC00D71180 /* Debug */,
				005ED82729C889EC00D71180 /* Release */,
			);
			defaultConfigurationIsVisible = 0;
			defaultConfigurationName = Release;
		};
		005ED82829C889EC00D71180 /* Build configuration list for PBXNativeTarget "SnabbSpelTests" */ = {
			isa = XCConfigurationList;
			buildConfigurations = (
				005ED82929C889EC00D71180 /* Debug */,
				005ED82A29C889EC00D71180 /* Release */,
			);
			defaultConfigurationIsVisible = 0;
			defaultConfigurationName = Release;
		};
		005ED82B29C889EC00D71180 /* Build configuration list for PBXNativeTarget "SnabbSpelUITests" */ = {
			isa = XCConfigurationList;
			buildConfigurations = (
				005ED82C29C889EC00D71180 /* Debug */,
				005ED82D29C889EC00D71180 /* Release */,
			);
			defaultConfigurationIsVisible = 0;
			defaultConfigurationName = Release;
		};
/* End XCConfigurationList section */
	};
	rootObject = 005ED7F329C889EA00D71180 /* Project object */;
}
